
Microsoft Visual Studio Solution File, Format Version 12.00
Project("{2150E333-8FDC-42A3-9474-1A3956D46DE8}") = "src", "src", "{1AD93429-11CC-4F5D-B6E6-21D970C073C9}"
EndProject
Project("{2150E333-8FDC-42A3-9474-1A3956D46DE8}") = "tests", "tests", "{D1973D51-7E32-4C15-85A4-29D27F943B91}"
EndProject
Project("{FAE04EC0-301F-11D3-BF4B-00C04F79EFBC}") = "Discounter.BusinessRules", "Discounter.BusinessRules\Discounter.BusinessRules.csproj", "{E22F76B1-B603-405D-8245-7749F72D6BEF}"
EndProject
Project("{FAE04EC0-301F-11D3-BF4B-00C04F79EFBC}") = "Discounter.UseCases", "Discounter.UseCases\Discounter.UseCases.csproj", "{A8353464-CB09-4483-B8EE-9DCD80CA3F89}"
EndProject
Project("{FAE04EC0-301F-11D3-BF4B-00C04F79EFBC}") = "Discounter.Infrastructure", "Discounter.Infrastructure\Discounter.Infrastructure.csproj", "{E972D166-3D96-467F-A973-F3B03BC1766D}"
EndProject
Project("{FAE04EC0-301F-11D3-BF4B-00C04F79EFBC}") = "Discounter.Tests", "Discounter.Tests\Discounter.Tests.csproj", "{93B5E326-117D-4AB5-A8F9-8A3F8AFADB9B}"
EndProject
Project("{FAE04EC0-301F-11D3-BF4B-00C04F79EFBC}") = "Discounter.Server", "Discounter.Server\Discounter.Server.csproj", "{9203E2B4-A21E-44AE-8334-3168666175C7}"
EndProject
Project("{FAE04EC0-301F-11D3-BF4B-00C04F79EFBC}") = "Discounter.Client", "Discounter.Client\Discounter.Client.csproj", "{D210342E-B2FE-46BD-AD55-097642B6A048}"
EndProject
Global
	GlobalSection(SolutionConfigurationPlatforms) = preSolution
		Debug|Any CPU = Debug|Any CPU
		Release|Any CPU = Release|Any CPU
	EndGlobalSection
	GlobalSection(NestedProjects) = preSolution
		{E22F76B1-B603-405D-8245-7749F72D6BEF} = {1AD93429-11CC-4F5D-B6E6-21D970C073C9}
		{A8353464-CB09-4483-B8EE-9DCD80CA3F89} = {1AD93429-11CC-4F5D-B6E6-21D970C073C9}
		{E972D166-3D96-467F-A973-F3B03BC1766D} = {1AD93429-11CC-4F5D-B6E6-21D970C073C9}
		{93B5E326-117D-4AB5-A8F9-8A3F8AFADB9B} = {D1973D51-7E32-4C15-85A4-29D27F943B91}
		{9203E2B4-A21E-44AE-8334-3168666175C7} = {1AD93429-11CC-4F5D-B6E6-21D970C073C9}
		{D210342E-B2FE-46BD-AD55-097642B6A048} = {1AD93429-11CC-4F5D-B6E6-21D970C073C9}
	EndGlobalSection
	GlobalSection(ProjectConfigurationPlatforms) = postSolution
		{E22F76B1-B603-405D-8245-7749F72D6BEF}.Debug|Any CPU.ActiveCfg = Debug|Any CPU
		{E22F76B1-B603-405D-8245-7749F72D6BEF}.Debug|Any CPU.Build.0 = Debug|Any CPU
		{E22F76B1-B603-405D-8245-7749F72D6BEF}.Release|Any CPU.ActiveCfg = Release|Any CPU
		{E22F76B1-B603-405D-8245-7749F72D6BEF}.Release|Any CPU.Build.0 = Release|Any CPU
		{A8353464-CB09-4483-B8EE-9DCD80CA3F89}.Debug|Any CPU.ActiveCfg = Debug|Any CPU
		{A8353464-CB09-4483-B8EE-9DCD80CA3F89}.Debug|Any CPU.Build.0 = Debug|Any CPU
		{A8353464-CB09-4483-B8EE-9DCD80CA3F89}.Release|Any CPU.ActiveCfg = Release|Any CPU
		{A8353464-CB09-4483-B8EE-9DCD80CA3F89}.Release|Any CPU.Build.0 = Release|Any CPU
		{E972D166-3D96-467F-A973-F3B03BC1766D}.Debug|Any CPU.ActiveCfg = Debug|Any CPU
		{E972D166-3D96-467F-A973-F3B03BC1766D}.Debug|Any CPU.Build.0 = Debug|Any CPU
		{E972D166-3D96-467F-A973-F3B03BC1766D}.Release|Any CPU.ActiveCfg = Release|Any CPU
		{E972D166-3D96-467F-A973-F3B03BC1766D}.Release|Any CPU.Build.0 = Release|Any CPU
		{93B5E326-117D-4AB5-A8F9-8A3F8AFADB9B}.Debug|Any CPU.ActiveCfg = Debug|Any CPU
		{93B5E326-117D-4AB5-A8F9-8A3F8AFADB9B}.Debug|Any CPU.Build.0 = Debug|Any CPU
		{93B5E326-117D-4AB5-A8F9-8A3F8AFADB9B}.Release|Any CPU.ActiveCfg = Release|Any CPU
		{93B5E326-117D-4AB5-A8F9-8A3F8AFADB9B}.Release|Any CPU.Build.0 = Release|Any CPU
		{9203E2B4-A21E-44AE-8334-3168666175C7}.Debug|Any CPU.ActiveCfg = Debug|Any CPU
		{9203E2B4-A21E-44AE-8334-3168666175C7}.Debug|Any CPU.Build.0 = Debug|Any CPU
		{9203E2B4-A21E-44AE-8334-3168666175C7}.Release|Any CPU.ActiveCfg = Release|Any CPU
		{9203E2B4-A21E-44AE-8334-3168666175C7}.Release|Any CPU.Build.0 = Release|Any CPU
		{D210342E-B2FE-46BD-AD55-097642B6A048}.Debug|Any CPU.ActiveCfg = Debug|Any CPU
		{D210342E-B2FE-46BD-AD55-097642B6A048}.Debug|Any CPU.Build.0 = Debug|Any CPU
		{D210342E-B2FE-46BD-AD55-097642B6A048}.Release|Any CPU.ActiveCfg = Release|Any CPU
		{D210342E-B2FE-46BD-AD55-097642B6A048}.Release|Any CPU.Build.0 = Release|Any CPU
	EndGlobalSection
EndGlobal
